%{"cowboy": {:hex, :cowboy, "1.0.3"},
  "cowlib": {:hex, :cowlib, "1.0.1"},
  "decimal": {:hex, :decimal, "1.1.0"},
  "esqlite": {:hex, :esqlite, "0.2.1"},
  "pipe": {:hex, :pipe, "0.0.2"},
  "plug": {:hex, :plug, "0.14.0"},
  "ranch": {:hex, :ranch, "1.1.0"},
  "sqlitex": {:hex, :sqlitex, "0.8.1"}}
